
Microsoft Visual Studio Solution File, Format Version 12.00
# Visual Studio Version 17
VisualStudioVersion = 17.14.36414.22
MinimumVisualStudioVersion = 10.0.40219.1
Project("{FAE04EC0-301F-11D3-BF4B-00C04F79EFBC}") = "LearnWebApp", "LearnWebApp\LearnWebApp.csproj", "{F6B0469F-EC72-4D2A-B7D5-4048978CB2E9}"
EndProject
Project("{FAE04EC0-301F-11D3-BF4B-00C04F79EFBC}") = "Core", "Core\Core.csproj", "{2B3AB9A2-3B5F-41CB-B00E-033B71A2881F}"
EndProject
Project("{FAE04EC0-301F-11D3-BF4B-00C04F79EFBC}") = "Persistence", "Persistence\Persistence.csproj", "{1DD5EA14-1AD8-4266-99DC-DE35DE57ECB1}"
	ProjectSection(ProjectDependencies) = postProject
		{2B3AB9A2-3B5F-41CB-B00E-033B71A2881F} = {2B3AB9A2-3B5F-41CB-B00E-033B71A2881F}
	EndProjectSection
EndProject
Project("{FAE04EC0-301F-11D3-BF4B-00C04F79EFBC}") = "Application", "Application\Application.csproj", "{387D99BD-90F4-4793-9A21-138DA656B874}"
EndProject
Global
	GlobalSection(SolutionConfigurationPlatforms) = preSolution
		Debug|Any CPU = Debug|Any CPU
		Release|Any CPU = Release|Any CPU
	EndGlobalSection
	GlobalSection(ProjectConfigurationPlatforms) = postSolution
		{F6B0469F-EC72-4D2A-B7D5-4048978CB2E9}.Debug|Any CPU.ActiveCfg = Debug|Any CPU
		{F6B0469F-EC72-4D2A-B7D5-4048978CB2E9}.Debug|Any CPU.Build.0 = Debug|Any CPU
		{F6B0469F-EC72-4D2A-B7D5-4048978CB2E9}.Release|Any CPU.ActiveCfg = Release|Any CPU
		{F6B0469F-EC72-4D2A-B7D5-4048978CB2E9}.Release|Any CPU.Build.0 = Release|Any CPU
		{2B3AB9A2-3B5F-41CB-B00E-033B71A2881F}.Debug|Any CPU.ActiveCfg = Debug|Any CPU
		{2B3AB9A2-3B5F-41CB-B00E-033B71A2881F}.Debug|Any CPU.Build.0 = Debug|Any CPU
		{2B3AB9A2-3B5F-41CB-B00E-033B71A2881F}.Release|Any CPU.ActiveCfg = Release|Any CPU
		{2B3AB9A2-3B5F-41CB-B00E-033B71A2881F}.Release|Any CPU.Build.0 = Release|Any CPU
		{1DD5EA14-1AD8-4266-99DC-DE35DE57ECB1}.Debug|Any CPU.ActiveCfg = Debug|Any CPU
		{1DD5EA14-1AD8-4266-99DC-DE35DE57ECB1}.Debug|Any CPU.Build.0 = Debug|Any CPU
		{1DD5EA14-1AD8-4266-99DC-DE35DE57ECB1}.Release|Any CPU.ActiveCfg = Release|Any CPU
		{1DD5EA14-1AD8-4266-99DC-DE35DE57ECB1}.Release|Any CPU.Build.0 = Release|Any CPU
		{387D99BD-90F4-4793-9A21-138DA656B874}.Debug|Any CPU.ActiveCfg = Debug|Any CPU
		{387D99BD-90F4-4793-9A21-138DA656B874}.Debug|Any CPU.Build.0 = Debug|Any CPU
		{387D99BD-90F4-4793-9A21-138DA656B874}.Release|Any CPU.ActiveCfg = Release|Any CPU
		{387D99BD-90F4-4793-9A21-138DA656B874}.Release|Any CPU.Build.0 = Release|Any CPU
	EndGlobalSection
	GlobalSection(SolutionProperties) = preSolution
		HideSolutionNode = FALSE
	EndGlobalSection
	GlobalSection(ExtensibilityGlobals) = postSolution
		SolutionGuid = {C9EA8D02-366A-4901-8AEA-8CC1103F7FE5}
	EndGlobalSection
EndGlobal
